// !$*UTF8*$!
{
	archiveVersion = 1;
	classes = {
	};
	objectVersion = 52;
	objects = {

/* Begin PBXBuildFile section */
		1545B21E263523120044CE04 /* Realm in Frameworks */ = {isa = PBXBuildFile; productRef = 1545B21D263523120044CE04 /* Realm */; };
		1545B220263523120044CE04 /* RealmSwift in Frameworks */ = {isa = PBXBuildFile; productRef = 1545B21F263523120044CE04 /* RealmSwift */; };
		1545B22326354D480044CE04 /* SetUp.swift in Sources */ = {isa = PBXBuildFile; fileRef = 1545B22226354D480044CE04 /* SetUp.swift */; };
		1545B23C263961180044CE04 /* MathView.swift in Sources */ = {isa = PBXBuildFile; fileRef = 1545B23B263961180044CE04 /* MathView.swift */; };
		1545B23F263961D50044CE04 /* Curriculum01.swift in Sources */ = {isa = PBXBuildFile; fileRef = 1545B23E263961D50044CE04 /* Curriculum01.swift */; };
		1545B242263962470044CE04 /* ANP01.swift in Sources */ = {isa = PBXBuildFile; fileRef = 1545B241263962470044CE04 /* ANP01.swift */; };
		15963B032633F96A0063A634 /* ANPApp.swift in Sources */ = {isa = PBXBuildFile; fileRef = 15963B022633F96A0063A634 /* ANPApp.swift */; };
		15963B052633F96A0063A634 /* ContentView.swift in Sources */ = {isa = PBXBuildFile; fileRef = 15963B042633F96A0063A634 /* ContentView.swift */; };
		15963B072633F96A0063A634 /* Assets.xcassets in Resources */ = {isa = PBXBuildFile; fileRef = 15963B062633F96A0063A634 /* Assets.xcassets */; };
		15963B0A2633F96A0063A634 /* Preview Assets.xcassets in Resources */ = {isa = PBXBuildFile; fileRef = 15963B092633F96A0063A634 /* Preview Assets.xcassets */; };
		15963B162633FA4B0063A634 /* MainTabView.swift in Sources */ = {isa = PBXBuildFile; fileRef = 15963B152633FA4B0063A634 /* MainTabView.swift */; };
		15963B1B2633FB060063A634 /* ColorExtension.swift in Sources */ = {isa = PBXBuildFile; fileRef = 15963B1A2633FB060063A634 /* ColorExtension.swift */; };
		15A4B1F22634017400B2919D /* KoreanView.swift in Sources */ = {isa = PBXBuildFile; fileRef = 15A4B1F12634017400B2919D /* KoreanView.swift */; };
		15A4B1F52634038D00B2919D /* KoreanViewModel.swift in Sources */ = {isa = PBXBuildFile; fileRef = 15A4B1F42634038D00B2919D /* KoreanViewModel.swift */; };
		15A4B1F82634064C00B2919D /* NavigationBarColor.swift in Sources */ = {isa = PBXBuildFile; fileRef = 15A4B1F72634064C00B2919D /* NavigationBarColor.swift */; };
		15A4B20126350ACD00B2919D /* BundleExtension.swift in Sources */ = {isa = PBXBuildFile; fileRef = 15A4B20026350ACD00B2919D /* BundleExtension.swift */; };
		FA3CF464263A903C000B3116 /* Curriculum03.swift in Sources */ = {isa = PBXBuildFile; fileRef = FA3CF463263A903C000B3116 /* Curriculum03.swift */; };
		FA79BCBA26392EC300731CDF /* SearchDefaultRealm.swift in Sources */ = {isa = PBXBuildFile; fileRef = FA79BCB926392EC300731CDF /* SearchDefaultRealm.swift */; };
		FA79BCBE263A454200731CDF /* CurriculumViewModel.swift in Sources */ = {isa = PBXBuildFile; fileRef = FA79BCBD263A454200731CDF /* CurriculumViewModel.swift */; };
		FA79BCC2263A4CAA00731CDF /* Curriculum02.swift in Sources */ = {isa = PBXBuildFile; fileRef = FA79BCC1263A4CAA00731CDF /* Curriculum02.swift */; };
		FA79BCC5263A750800731CDF /* ANP02.swift in Sources */ = {isa = PBXBuildFile; fileRef = FA79BCC4263A750700731CDF /* ANP02.swift */; };
		FA79BCC9263A79D400731CDF /* CurriculumData.json in Resources */ = {isa = PBXBuildFile; fileRef = FA79BCC8263A79D400731CDF /* CurriculumData.json */; };
		FAFCFC2926379F2400FA4988 /* SocietyView.swift in Sources */ = {isa = PBXBuildFile; fileRef = FAFCFC2826379F2400FA4988 /* SocietyView.swift */; };
		FAFCFC2C26379F4100FA4988 /* ScienceView.swift in Sources */ = {isa = PBXBuildFile; fileRef = FAFCFC2B26379F4100FA4988 /* ScienceView.swift */; };
		FAFCFC2F2637CB3900FA4988 /* ANPData.json in Resources */ = {isa = PBXBuildFile; fileRef = FAFCFC2E2637CB3900FA4988 /* ANPData.json */; };
		FAFCFC362637D4C200FA4988 /* JsonUpload.swift in Sources */ = {isa = PBXBuildFile; fileRef = FAFCFC352637D4C200FA4988 /* JsonUpload.swift */; };
/* End PBXBuildFile section */

/* Begin PBXFileReference section */
		1545B22226354D480044CE04 /* SetUp.swift */ = {isa = PBXFileReference; lastKnownFileType = sourcecode.swift; path = SetUp.swift; sourceTree = "<group>"; };
		1545B23B263961180044CE04 /* MathView.swift */ = {isa = PBXFileReference; lastKnownFileType = sourcecode.swift; path = "\U0010MathView.swift"; sourceTree = "<group>"; };
		1545B23E263961D50044CE04 /* Curriculum01.swift */ = {isa = PBXFileReference; lastKnownFileType = sourcecode.swift; path = Curriculum01.swift; sourceTree = "<group>"; };
		1545B241263962470044CE04 /* ANP01.swift */ = {isa = PBXFileReference; lastKnownFileType = sourcecode.swift; path = ANP01.swift; sourceTree = "<group>"; };
		15963AFF2633F96A0063A634 /* ANP.app */ = {isa = PBXFileReference; explicitFileType = wrapper.application; includeInIndex = 0; path = ANP.app; sourceTree = BUILT_PRODUCTS_DIR; };
		15963B022633F96A0063A634 /* ANPApp.swift */ = {isa = PBXFileReference; lastKnownFileType = sourcecode.swift; path = ANPApp.swift; sourceTree = "<group>"; };
		15963B042633F96A0063A634 /* ContentView.swift */ = {isa = PBXFileReference; lastKnownFileType = sourcecode.swift; path = ContentView.swift; sourceTree = "<group>"; };
		15963B062633F96A0063A634 /* Assets.xcassets */ = {isa = PBXFileReference; lastKnownFileType = folder.assetcatalog; path = Assets.xcassets; sourceTree = "<group>"; };
		15963B092633F96A0063A634 /* Preview Assets.xcassets */ = {isa = PBXFileReference; lastKnownFileType = folder.assetcatalog; path = "Preview Assets.xcassets"; sourceTree = "<group>"; };
		15963B0B2633F96A0063A634 /* Info.plist */ = {isa = PBXFileReference; lastKnownFileType = text.plist.xml; path = Info.plist; sourceTree = "<group>"; };
		15963B152633FA4B0063A634 /* MainTabView.swift */ = {isa = PBXFileReference; lastKnownFileType = sourcecode.swift; path = MainTabView.swift; sourceTree = "<group>"; };
		15963B1A2633FB060063A634 /* ColorExtension.swift */ = {isa = PBXFileReference; lastKnownFileType = sourcecode.swift; path = ColorExtension.swift; sourceTree = "<group>"; };
		15A4B1F12634017400B2919D /* KoreanView.swift */ = {isa = PBXFileReference; lastKnownFileType = sourcecode.swift; path = KoreanView.swift; sourceTree = "<group>"; };
		15A4B1F42634038D00B2919D /* KoreanViewModel.swift */ = {isa = PBXFileReference; lastKnownFileType = sourcecode.swift; path = KoreanViewModel.swift; sourceTree = "<group>"; };
		15A4B1F72634064C00B2919D /* NavigationBarColor.swift */ = {isa = PBXFileReference; lastKnownFileType = sourcecode.swift; path = NavigationBarColor.swift; sourceTree = "<group>"; };
		15A4B20026350ACD00B2919D /* BundleExtension.swift */ = {isa = PBXFileReference; lastKnownFileType = sourcecode.swift; path = BundleExtension.swift; sourceTree = "<group>"; };
		FA3CF463263A903C000B3116 /* Curriculum03.swift */ = {isa = PBXFileReference; lastKnownFileType = sourcecode.swift; path = Curriculum03.swift; sourceTree = "<group>"; };
		FA79BCB926392EC300731CDF /* SearchDefaultRealm.swift */ = {isa = PBXFileReference; lastKnownFileType = sourcecode.swift; path = SearchDefaultRealm.swift; sourceTree = "<group>"; };
		FA79BCBD263A454200731CDF /* CurriculumViewModel.swift */ = {isa = PBXFileReference; lastKnownFileType = sourcecode.swift; path = CurriculumViewModel.swift; sourceTree = "<group>"; };
		FA79BCC1263A4CAA00731CDF /* Curriculum02.swift */ = {isa = PBXFileReference; lastKnownFileType = sourcecode.swift; path = Curriculum02.swift; sourceTree = "<group>"; };
		FA79BCC4263A750700731CDF /* ANP02.swift */ = {isa = PBXFileReference; lastKnownFileType = sourcecode.swift; path = ANP02.swift; sourceTree = "<group>"; };
		FA79BCC8263A79D400731CDF /* CurriculumData.json */ = {isa = PBXFileReference; fileEncoding = 4; lastKnownFileType = text.json; path = CurriculumData.json; sourceTree = "<group>"; };
		FAFCFC2826379F2400FA4988 /* SocietyView.swift */ = {isa = PBXFileReference; lastKnownFileType = sourcecode.swift; path = SocietyView.swift; sourceTree = "<group>"; };
		FAFCFC2B26379F4100FA4988 /* ScienceView.swift */ = {isa = PBXFileReference; lastKnownFileType = sourcecode.swift; path = ScienceView.swift; sourceTree = "<group>"; };
		FAFCFC2E2637CB3900FA4988 /* ANPData.json */ = {isa = PBXFileReference; fileEncoding = 4; lastKnownFileType = text.json; path = ANPData.json; sourceTree = "<group>"; };
		FAFCFC352637D4C200FA4988 /* JsonUpload.swift */ = {isa = PBXFileReference; lastKnownFileType = sourcecode.swift; path = JsonUpload.swift; sourceTree = "<group>"; };
/* End PBXFileReference section */

/* Begin PBXFrameworksBuildPhase section */
		15963AFC2633F96A0063A634 /* Frameworks */ = {
			isa = PBXFrameworksBuildPhase;
			buildActionMask = 2147483647;
			files = (
				1545B220263523120044CE04 /* RealmSwift in Frameworks */,
				1545B21E263523120044CE04 /* Realm in Frameworks */,
			);
			runOnlyForDeploymentPostprocessing = 0;
		};
/* End PBXFrameworksBuildPhase section */

/* Begin PBXGroup section */
		15963AF62633F96A0063A634 = {
			isa = PBXGroup;
			children = (
				15963B012633F96A0063A634 /* ANP */,
				15963B002633F96A0063A634 /* Products */,
			);
			sourceTree = "<group>";
		};
		15963B002633F96A0063A634 /* Products */ = {
			isa = PBXGroup;
			children = (
				15963AFF2633F96A0063A634 /* ANP.app */,
			);
			name = Products;
			sourceTree = "<group>";
		};
		15963B012633F96A0063A634 /* ANP */ = {
			isa = PBXGroup;
			children = (
				15963B122633F9E50063A634 /* View */,
				15963B132633F9F10063A634 /* ViewModel */,
				15963B142633F9FD0063A634 /* Model */,
				15963B192633FAC00063A634 /* Support */,
				FA79BCA9263910E400731CDF /* Example */,
				15963B022633F96A0063A634 /* ANPApp.swift */,
				15963B062633F96A0063A634 /* Assets.xcassets */,
				15963B0B2633F96A0063A634 /* Info.plist */,
				15963B082633F96A0063A634 /* Preview Content */,
				FAFCFC2E2637CB3900FA4988 /* ANPData.json */,
				FA79BCC8263A79D400731CDF /* CurriculumData.json */,
			);
			path = ANP;
			sourceTree = "<group>";
		};
		15963B082633F96A0063A634 /* Preview Content */ = {
			isa = PBXGroup;
			children = (
				15963B092633F96A0063A634 /* Preview Assets.xcassets */,
			);
			path = "Preview Content";
			sourceTree = "<group>";
		};
		15963B122633F9E50063A634 /* View */ = {
			isa = PBXGroup;
			children = (
				15963B152633FA4B0063A634 /* MainTabView.swift */,
				15A4B1F12634017400B2919D /* KoreanView.swift */,
				1545B23B263961180044CE04 /* MathView.swift */,
				FAFCFC2826379F2400FA4988 /* SocietyView.swift */,
				FAFCFC2B26379F4100FA4988 /* ScienceView.swift */,
				1545B22226354D480044CE04 /* SetUp.swift */,
			);
			path = View;
			sourceTree = "<group>";
		};
		15963B132633F9F10063A634 /* ViewModel */ = {
			isa = PBXGroup;
			children = (
				15A4B1F42634038D00B2919D /* KoreanViewModel.swift */,
				FAFCFC352637D4C200FA4988 /* JsonUpload.swift */,
				FA79BCBD263A454200731CDF /* CurriculumViewModel.swift */,
			);
			path = ViewModel;
			sourceTree = "<group>";
		};
		15963B142633F9FD0063A634 /* Model */ = {
			isa = PBXGroup;
			children = (
				1545B241263962470044CE04 /* ANP01.swift */,
				FA79BCC4263A750700731CDF /* ANP02.swift */,
				1545B23E263961D50044CE04 /* Curriculum01.swift */,
				FA79BCC1263A4CAA00731CDF /* Curriculum02.swift */,
				FA3CF463263A903C000B3116 /* Curriculum03.swift */,
			);
			path = Model;
			sourceTree = "<group>";
		};
		15963B192633FAC00063A634 /* Support */ = {
			isa = PBXGroup;
			children = (
				15963B1A2633FB060063A634 /* ColorExtension.swift */,
				15A4B1F72634064C00B2919D /* NavigationBarColor.swift */,
				15A4B20026350ACD00B2919D /* BundleExtension.swift */,
				FA79BCB926392EC300731CDF /* SearchDefaultRealm.swift */,
			);
			path = Support;
			sourceTree = "<group>";
		};
		FA79BCA9263910E400731CDF /* Example */ = {
			isa = PBXGroup;
			children = (
				15963B042633F96A0063A634 /* ContentView.swift */,
			);
			path = Example;
			sourceTree = "<group>";
		};
/* End PBXGroup section */

/* Begin PBXNativeTarget section */
		15963AFE2633F96A0063A634 /* ANP */ = {
			isa = PBXNativeTarget;
			buildConfigurationList = 15963B0E2633F96A0063A634 /* Build configuration list for PBXNativeTarget "ANP" */;
			buildPhases = (
				15963AFB2633F96A0063A634 /* Sources */,
				15963AFC2633F96A0063A634 /* Frameworks */,
				15963AFD2633F96A0063A634 /* Resources */,
			);
			buildRules = (
			);
			dependencies = (
			);
			name = ANP;
			packageProductDependencies = (
				1545B21D263523120044CE04 /* Realm */,
				1545B21F263523120044CE04 /* RealmSwift */,
			);
			productName = ANP;
			productReference = 15963AFF2633F96A0063A634 /* ANP.app */;
			productType = "com.apple.product-type.application";
		};
/* End PBXNativeTarget section */

/* Begin PBXProject section */
		15963AF72633F96A0063A634 /* Project object */ = {
			isa = PBXProject;
			attributes = {
				LastSwiftUpdateCheck = 1240;
				LastUpgradeCheck = 1240;
				TargetAttributes = {
					15963AFE2633F96A0063A634 = {
						CreatedOnToolsVersion = 12.4;
					};
				};
			};
			buildConfigurationList = 15963AFA2633F96A0063A634 /* Build configuration list for PBXProject "ANP" */;
			compatibilityVersion = "Xcode 9.3";
			developmentRegion = en;
			hasScannedForEncodings = 0;
			knownRegions = (
				en,
				Base,
			);
			mainGroup = 15963AF62633F96A0063A634;
			packageReferences = (
				1545B21C263523120044CE04 /* XCRemoteSwiftPackageReference "realm-cocoa" */,
			);
			productRefGroup = 15963B002633F96A0063A634 /* Products */;
			projectDirPath = "";
			projectRoot = "";
			targets = (
				15963AFE2633F96A0063A634 /* ANP */,
			);
		};
/* End PBXProject section */

/* Begin PBXResourcesBuildPhase section */
		15963AFD2633F96A0063A634 /* Resources */ = {
			isa = PBXResourcesBuildPhase;
			buildActionMask = 2147483647;
			files = (
				FA79BCC9263A79D400731CDF /* CurriculumData.json in Resources */,
				15963B0A2633F96A0063A634 /* Preview Assets.xcassets in Resources */,
				FAFCFC2F2637CB3900FA4988 /* ANPData.json in Resources */,
				15963B072633F96A0063A634 /* Assets.xcassets in Resources */,
			);
			runOnlyForDeploymentPostprocessing = 0;
		};
/* End PBXResourcesBuildPhase section */

/* Begin PBXSourcesBuildPhase section */
		15963AFB2633F96A0063A634 /* Sources */ = {
			isa = PBXSourcesBuildPhase;
			buildActionMask = 2147483647;
			files = (
				15A4B1F22634017400B2919D /* KoreanView.swift in Sources */,
				15963B052633F96A0063A634 /* ContentView.swift in Sources */,
				1545B23C263961180044CE04 /* MathView.swift in Sources */,
				15A4B1F82634064C00B2919D /* NavigationBarColor.swift in Sources */,
				FA79BCBA26392EC300731CDF /* SearchDefaultRealm.swift in Sources */,
				FA79BCBE263A454200731CDF /* CurriculumViewModel.swift in Sources */,
				15A4B20126350ACD00B2919D /* BundleExtension.swift in Sources */,
				15963B032633F96A0063A634 /* ANPApp.swift in Sources */,
				FAFCFC2C26379F4100FA4988 /* ScienceView.swift in Sources */,
				15963B162633FA4B0063A634 /* MainTabView.swift in Sources */,
				1545B23F263961D50044CE04 /* Curriculum01.swift in Sources */,
				FAFCFC2926379F2400FA4988 /* SocietyView.swift in Sources */,
				FA79BCC2263A4CAA00731CDF /* Curriculum02.swift in Sources */,
				15A4B1F52634038D00B2919D /* KoreanViewModel.swift in Sources */,
				1545B242263962470044CE04 /* ANP01.swift in Sources */,
				FA79BCC5263A750800731CDF /* ANP02.swift in Sources */,
				15963B1B2633FB060063A634 /* ColorExtension.swift in Sources */,
				FAFCFC362637D4C200FA4988 /* JsonUpload.swift in Sources */,
				1545B22326354D480044CE04 /* SetUp.swift in Sources */,
				FA3CF464263A903C000B3116 /* Curriculum03.swift in Sources */,
			);
			runOnlyForDeploymentPostprocessing = 0;
		};
/* End PBXSourcesBuildPhase section */

/* Begin XCBuildConfiguration section */
		15963B0C2633F96A0063A634 /* Debug */ = {
			isa = XCBuildConfiguration;
			buildSettings = {
				ALWAYS_SEARCH_USER_PATHS = NO;
				CLANG_ANALYZER_NONNULL = YES;
				CLANG_ANALYZER_NUMBER_OBJECT_CONVERSION = YES_AGGRESSIVE;
				CLANG_CXX_LANGUAGE_STANDARD = "gnu++14";
				CLANG_CXX_LIBRARY = "libc++";
				CLANG_ENABLE_MODULES = YES;
				CLANG_ENABLE_OBJC_ARC = YES;
				CLANG_ENABLE_OBJC_WEAK = YES;
				CLANG_WARN_BLOCK_CAPTURE_AUTORELEASING = YES;
				CLANG_WARN_BOOL_CONVERSION = YES;
				CLANG_WARN_COMMA = YES;
				CLANG_WARN_CONSTANT_CONVERSION = YES;
				CLANG_WARN_DEPRECATED_OBJC_IMPLEMENTATIONS = YES;
				CLANG_WARN_DIRECT_OBJC_ISA_USAGE = YES_ERROR;
				CLANG_WARN_DOCUMENTATION_COMMENTS = YES;
				CLANG_WARN_EMPTY_BODY = YES;
				CLANG_WARN_ENUM_CONVERSION = YES;
				CLANG_WARN_INFINITE_RECURSION = YES;
				CLANG_WARN_INT_CONVERSION = YES;
				CLANG_WARN_NON_LITERAL_NULL_CONVERSION = YES;
				CLANG_WARN_OBJC_IMPLICIT_RETAIN_SELF = YES;
				CLANG_WARN_OBJC_LITERAL_CONVERSION = YES;
				CLANG_WARN_OBJC_ROOT_CLASS = YES_ERROR;
				CLANG_WARN_QUOTED_INCLUDE_IN_FRAMEWORK_HEADER = YES;
				CLANG_WARN_RANGE_LOOP_ANALYSIS = YES;
				CLANG_WARN_STRICT_PROTOTYPES = YES;
				CLANG_WARN_SUSPICIOUS_MOVE = YES;
				CLANG_WARN_UNGUARDED_AVAILABILITY = YES_AGGRESSIVE;
				CLANG_WARN_UNREACHABLE_CODE = YES;
				CLANG_WARN__DUPLICATE_METHOD_MATCH = YES;
				COPY_PHASE_STRIP = NO;
				DEBUG_INFORMATION_FORMAT = dwarf;
				ENABLE_STRICT_OBJC_MSGSEND = YES;
				ENABLE_TESTABILITY = YES;
				GCC_C_LANGUAGE_STANDARD = gnu11;
				GCC_DYNAMIC_NO_PIC = NO;
				GCC_NO_COMMON_BLOCKS = YES;
				GCC_OPTIMIZATION_LEVEL = 0;
				GCC_PREPROCESSOR_DEFINITIONS = (
					"DEBUG=1",
					"$(inherited)",
				);
				GCC_WARN_64_TO_32_BIT_CONVERSION = YES;
				GCC_WARN_ABOUT_RETURN_TYPE = YES_ERROR;
				GCC_WARN_UNDECLARED_SELECTOR = YES;
				GCC_WARN_UNINITIALIZED_AUTOS = YES_AGGRESSIVE;
				GCC_WARN_UNUSED_FUNCTION = YES;
				GCC_WARN_UNUSED_VARIABLE = YES;
				IPHONEOS_DEPLOYMENT_TARGET = 14.4;
				MTL_ENABLE_DEBUG_INFO = INCLUDE_SOURCE;
				MTL_FAST_MATH = YES;
				ONLY_ACTIVE_ARCH = YES;
				SDKROOT = iphoneos;
				SWIFT_ACTIVE_COMPILATION_CONDITIONS = DEBUG;
				SWIFT_OPTIMIZATION_LEVEL = "-Onone";
			};
			name = Debug;
		};
		15963B0D2633F96A0063A634 /* Release */ = {
			isa = XCBuildConfiguration;
			buildSettings = {
				ALWAYS_SEARCH_USER_PATHS = NO;
				CLANG_ANALYZER_NONNULL = YES;
				CLANG_ANALYZER_NUMBER_OBJECT_CONVERSION = YES_AGGRESSIVE;
				CLANG_CXX_LANGUAGE_STANDARD = "gnu++14";
				CLANG_CXX_LIBRARY = "libc++";
				CLANG_ENABLE_MODULES = YES;
				CLANG_ENABLE_OBJC_ARC = YES;
				CLANG_ENABLE_OBJC_WEAK = YES;
				CLANG_WARN_BLOCK_CAPTURE_AUTORELEASING = YES;
				CLANG_WARN_BOOL_CONVERSION = YES;
				CLANG_WARN_COMMA = YES;
				CLANG_WARN_CONSTANT_CONVERSION = YES;
				CLANG_WARN_DEPRECATED_OBJC_IMPLEMENTATIONS = YES;
				CLANG_WARN_DIRECT_OBJC_ISA_USAGE = YES_ERROR;
				CLANG_WARN_DOCUMENTATION_COMMENTS = YES;
				CLANG_WARN_EMPTY_BODY = YES;
				CLANG_WARN_ENUM_CONVERSION = YES;
				CLANG_WARN_INFINITE_RECURSION = YES;
				CLANG_WARN_INT_CONVERSION = YES;
				CLANG_WARN_NON_LITERAL_NULL_CONVERSION = YES;
				CLANG_WARN_OBJC_IMPLICIT_RETAIN_SELF = YES;
				CLANG_WARN_OBJC_LITERAL_CONVERSION = YES;
				CLANG_WARN_OBJC_ROOT_CLASS = YES_ERROR;
				CLANG_WARN_QUOTED_INCLUDE_IN_FRAMEWORK_HEADER = YES;
				CLANG_WARN_RANGE_LOOP_ANALYSIS = YES;
				CLANG_WARN_STRICT_PROTOTYPES = YES;
				CLANG_WARN_SUSPICIOUS_MOVE = YES;
				CLANG_WARN_UNGUARDED_AVAILABILITY = YES_AGGRESSIVE;
				CLANG_WARN_UNREACHABLE_CODE = YES;
				CLANG_WARN__DUPLICATE_METHOD_MATCH = YES;
				COPY_PHASE_STRIP = NO;
				DEBUG_INFORMATION_FORMAT = "dwarf-with-dsym";
				ENABLE_NS_ASSERTIONS = NO;
				ENABLE_STRICT_OBJC_MSGSEND = YES;
				GCC_C_LANGUAGE_STANDARD = gnu11;
				GCC_NO_COMMON_BLOCKS = YES;
				GCC_WARN_64_TO_32_BIT_CONVERSION = YES;
				GCC_WARN_ABOUT_RETURN_TYPE = YES_ERROR;
				GCC_WARN_UNDECLARED_SELECTOR = YES;
				GCC_WARN_UNINITIALIZED_AUTOS = YES_AGGRESSIVE;
				GCC_WARN_UNUSED_FUNCTION = YES;
				GCC_WARN_UNUSED_VARIABLE = YES;
				IPHONEOS_DEPLOYMENT_TARGET = 14.4;
				MTL_ENABLE_DEBUG_INFO = NO;
				MTL_FAST_MATH = YES;
				SDKROOT = iphoneos;
				SWIFT_COMPILATION_MODE = wholemodule;
				SWIFT_OPTIMIZATION_LEVEL = "-O";
				VALIDATE_PRODUCT = YES;
			};
			name = Release;
		};
		15963B0F2633F96A0063A634 /* Debug */ = {
			isa = XCBuildConfiguration;
			buildSettings = {
				ASSETCATALOG_COMPILER_APPICON_NAME = AppIcon;
				ASSETCATALOG_COMPILER_GLOBAL_ACCENT_COLOR_NAME = AccentColor;
				CODE_SIGN_STYLE = Automatic;
				DEVELOPMENT_ASSET_PATHS = "\"ANP/Preview Content\"";
				DEVELOPMENT_TEAM = 27963V74Z7;
				ENABLE_PREVIEWS = YES;
				INFOPLIST_FILE = ANP/Info.plist;
				IPHONEOS_DEPLOYMENT_TARGET = 14.0;
				LD_RUNPATH_SEARCH_PATHS = (
					"$(inherited)",
					"@executable_path/Frameworks",
				);
				PRODUCT_BUNDLE_IDENTIFIER = com.underTheBlueSun.ANP;
				PRODUCT_NAME = "$(TARGET_NAME)";
				SWIFT_VERSION = 5.0;
				TARGETED_DEVICE_FAMILY = "1,2";
			};
			name = Debug;
		};
		15963B102633F96A0063A634 /* Release */ = {
			isa = XCBuildConfiguration;
			buildSettings = {
				ASSETCATALOG_COMPILER_APPICON_NAME = AppIcon;
				ASSETCATALOG_COMPILER_GLOBAL_ACCENT_COLOR_NAME = AccentColor;
				CODE_SIGN_STYLE = Automatic;
				DEVELOPMENT_ASSET_PATHS = "\"ANP/Preview Content\"";
				DEVELOPMENT_TEAM = 27963V74Z7;
				ENABLE_PREVIEWS = YES;
				INFOPLIST_FILE = ANP/Info.plist;
				IPHONEOS_DEPLOYMENT_TARGET = 14.0;
				LD_RUNPATH_SEARCH_PATHS = (
					"$(inherited)",
					"@executable_path/Frameworks",
				);
				PRODUCT_BUNDLE_IDENTIFIER = com.underTheBlueSun.ANP;
				PRODUCT_NAME = "$(TARGET_NAME)";
				SWIFT_VERSION = 5.0;
				TARGETED_DEVICE_FAMILY = "1,2";
			};
			name = Release;
		};
/* End XCBuildConfiguration section */

/* Begin XCConfigurationList section */
		15963AFA2633F96A0063A634 /* Build configuration list for PBXProject "ANP" */ = {
			isa = XCConfigurationList;
			buildConfigurations = (
				15963B0C2633F96A0063A634 /* Debug */,
				15963B0D2633F96A0063A634 /* Release */,
			);
			defaultConfigurationIsVisible = 0;
			defaultConfigurationName = Release;
		};
		15963B0E2633F96A0063A634 /* Build configuration list for PBXNativeTarget "ANP" */ = {
			isa = XCConfigurationList;
			buildConfigurations = (
				15963B0F2633F96A0063A634 /* Debug */,
				15963B102633F96A0063A634 /* Release */,
			);
			defaultConfigurationIsVisible = 0;
			defaultConfigurationName = Release;
		};
/* End XCConfigurationList section */

/* Begin XCRemoteSwiftPackageReference section */
		1545B21C263523120044CE04 /* XCRemoteSwiftPackageReference "realm-cocoa" */ = {
			isa = XCRemoteSwiftPackageReference;
			repositoryURL = "https://github.com/realm/realm-cocoa";
			requirement = {
				kind = upToNextMajorVersion;
				minimumVersion = 10.7.3;
			};
		};
/* End XCRemoteSwiftPackageReference section */

/* Begin XCSwiftPackageProductDependency section */
		1545B21D263523120044CE04 /* Realm */ = {
			isa = XCSwiftPackageProductDependency;
			package = 1545B21C263523120044CE04 /* XCRemoteSwiftPackageReference "realm-cocoa" */;
			productName = Realm;
		};
		1545B21F263523120044CE04 /* RealmSwift */ = {
			isa = XCSwiftPackageProductDependency;
			package = 1545B21C263523120044CE04 /* XCRemoteSwiftPackageReference "realm-cocoa" */;
			productName = RealmSwift;
		};
/* End XCSwiftPackageProductDependency section */
	};
	rootObject = 15963AF72633F96A0063A634 /* Project object */;
}
